{
  "version": "4",
  "specifiers": {
    "jsr:@deno/graph@0.86": "0.86.0",
    "jsr:@std/assert@^1.0.8": "1.0.8",
    "jsr:@std/bytes@^1.0.2": "1.0.4",
    "jsr:@std/fmt@^1.0.3": "1.0.3",
    "jsr:@std/fs@^1.0.6": "1.0.6",
    "jsr:@std/internal@^1.0.5": "1.0.5",
    "jsr:@std/io@0.225": "0.225.0",
    "jsr:@std/path@^1.0.8": "1.0.8"
  },
  "jsr": {
    "@deno/graph@0.86.0": {
      "integrity": "749bece1db357b1b1e47708b8fd3badea5fdfc3f9e714167c7d985c4d7f6df26"
    },
    "@std/assert@1.0.8": {
      "integrity": "ebe0bd7eb488ee39686f77003992f389a06c3da1bbd8022184804852b2fa641b",
      "dependencies": [
        "jsr:@std/internal"
      ]
    },
    "@std/bytes@1.0.4": {
      "integrity": "11a0debe522707c95c7b7ef89b478c13fb1583a7cfb9a85674cd2cc2e3a28abc"
    },
    "@std/fmt@1.0.3": {
      "integrity": "97765c16aa32245ff4e2204ecf7d8562496a3cb8592340a80e7e554e0bb9149f"
    },
    "@std/fs@1.0.6": {
      "integrity": "42b56e1e41b75583a21d5a37f6a6a27de9f510bcd36c0c85791d685ca0b85fa2",
      "dependencies": [
        "jsr:@std/path"
      ]
    },
    "@std/internal@1.0.5": {
      "integrity": "54a546004f769c1ac9e025abd15a76b6671ddc9687e2313b67376125650dc7ba"
    },
    "@std/io@0.225.0": {
      "integrity": "c1db7c5e5a231629b32d64b9a53139445b2ca640d828c26bf23e1c55f8c079b3",
      "dependencies": [
        "jsr:@std/bytes"
      ]
    },
    "@std/path@1.0.8": {
      "integrity": "548fa456bb6a04d3c1a1e7477986b6cffbce95102d0bb447c67c4ee70e0364be"
    }
  },
  "workspace": {
    "dependencies": [
      "jsr:@deno/graph@0.86",
      "jsr:@std/assert@^1.0.8",
      "jsr:@std/fmt@^1.0.3",
      "jsr:@std/fs@^1.0.6",
      "jsr:@std/io@0.225",
      "jsr:@std/path@^1.0.8"
    ]
  }
}
